
Microsoft Visual Studio Solution File, Format Version 12.00
# Visual Studio Version 16
VisualStudioVersion = 16.0.31624.102
MinimumVisualStudioVersion = 10.0.40219.1
Project("{9A19103F-16F7-4668-BE54-9A1E7A4F7556}") = "SnailMailProtocol", "SnailMailProtocol\SnailMailProtocol.csproj", "{FFC17F4F-39CE-43F6-BAEC-CA7F864DC681}"
EndProject
Project("{9A19103F-16F7-4668-BE54-9A1E7A4F7556}") = "SnailMail-Client", "SnailMail-Client\SnailMail-Client.csproj", "{55763574-6B8E-4568-B16C-0FD478CD070F}"
EndProject
Project("{9A19103F-16F7-4668-BE54-9A1E7A4F7556}") = "SnailMail-Server", "SnailMail-Server\SnailMail-Server.csproj", "{FB1E0F72-1E31-4FD4-B05F-8BB4FFAA8CCB}"
EndProject
Project("{9A19103F-16F7-4668-BE54-9A1E7A4F7556}") = "BFTP", "..\..\..\Documents\GitHub\BetterFileProtocol\BFTP\BFTP.csproj", "{A0DCCC44-DA41-4927-87FE-5FB1E3271A60}"
EndProject
Global
	GlobalSection(SolutionConfigurationPlatforms) = preSolution
		Debug|Any CPU = Debug|Any CPU
		Release|Any CPU = Release|Any CPU
	EndGlobalSection
	GlobalSection(ProjectConfigurationPlatforms) = postSolution
		{FFC17F4F-39CE-43F6-BAEC-CA7F864DC681}.Debug|Any CPU.ActiveCfg = Debug|Any CPU
		{FFC17F4F-39CE-43F6-BAEC-CA7F864DC681}.Debug|Any CPU.Build.0 = Debug|Any CPU
		{FFC17F4F-39CE-43F6-BAEC-CA7F864DC681}.Release|Any CPU.ActiveCfg = Release|Any CPU
		{FFC17F4F-39CE-43F6-BAEC-CA7F864DC681}.Release|Any CPU.Build.0 = Release|Any CPU
		{55763574-6B8E-4568-B16C-0FD478CD070F}.Debug|Any CPU.ActiveCfg = Debug|Any CPU
		{55763574-6B8E-4568-B16C-0FD478CD070F}.Debug|Any CPU.Build.0 = Debug|Any CPU
		{55763574-6B8E-4568-B16C-0FD478CD070F}.Release|Any CPU.ActiveCfg = Release|Any CPU
		{55763574-6B8E-4568-B16C-0FD478CD070F}.Release|Any CPU.Build.0 = Release|Any CPU
		{FB1E0F72-1E31-4FD4-B05F-8BB4FFAA8CCB}.Debug|Any CPU.ActiveCfg = Debug|Any CPU
		{FB1E0F72-1E31-4FD4-B05F-8BB4FFAA8CCB}.Debug|Any CPU.Build.0 = Debug|Any CPU
		{FB1E0F72-1E31-4FD4-B05F-8BB4FFAA8CCB}.Release|Any CPU.ActiveCfg = Release|Any CPU
		{FB1E0F72-1E31-4FD4-B05F-8BB4FFAA8CCB}.Release|Any CPU.Build.0 = Release|Any CPU
		{A0DCCC44-DA41-4927-87FE-5FB1E3271A60}.Debug|Any CPU.ActiveCfg = Debug|Any CPU
		{A0DCCC44-DA41-4927-87FE-5FB1E3271A60}.Debug|Any CPU.Build.0 = Debug|Any CPU
		{A0DCCC44-DA41-4927-87FE-5FB1E3271A60}.Release|Any CPU.ActiveCfg = Release|Any CPU
		{A0DCCC44-DA41-4927-87FE-5FB1E3271A60}.Release|Any CPU.Build.0 = Release|Any CPU
	EndGlobalSection
	GlobalSection(SolutionProperties) = preSolution
		HideSolutionNode = FALSE
	EndGlobalSection
	GlobalSection(ExtensibilityGlobals) = postSolution
		SolutionGuid = {2F9ACE43-1607-46E7-B491-2FA01C9FEFDD}
	EndGlobalSection
EndGlobal
